
Microsoft Visual Studio Solution File, Format Version 12.00
# Visual Studio Version 16
VisualStudioVersion = 16.0.34301.259
MinimumVisualStudioVersion = 10.0.40219.1
Project("{FAE04EC0-301F-11D3-BF4B-00C04F79EFBC}") = "WebAppTutorial", "WebAppTutorial.csproj", "{FA112C49-2EA0-4CF4-9BE0-E8C85EFB2142}"
EndProject
Global
	GlobalSection(SolutionConfigurationPlatforms) = preSolution
		Debug|Any CPU = Debug|Any CPU
		Release|Any CPU = Release|Any CPU
	EndGlobalSection
	GlobalSection(ProjectConfigurationPlatforms) = postSolution
		{FA112C49-2EA0-4CF4-9BE0-E8C85EFB2142}.Debug|Any CPU.ActiveCfg = Debug|Any CPU
		{FA112C49-2EA0-4CF4-9BE0-E8C85EFB2142}.Debug|Any CPU.Build.0 = Debug|Any CPU
		{FA112C49-2EA0-4CF4-9BE0-E8C85EFB2142}.Release|Any CPU.ActiveCfg = Release|Any CPU
		{FA112C49-2EA0-4CF4-9BE0-E8C85EFB2142}.Release|Any CPU.Build.0 = Release|Any CPU
	EndGlobalSection
	GlobalSection(SolutionProperties) = preSolution
		HideSolutionNode = FALSE
	EndGlobalSection
	GlobalSection(ExtensibilityGlobals) = postSolution
		SolutionGuid = {6C41394B-B276-4B98-89CD-E64AA8645CF5}
	EndGlobalSection
EndGlobal
