
Microsoft Visual Studio Solution File, Format Version 12.00
# Visual Studio Version 16
VisualStudioVersion = 16.0.34301.259
MinimumVisualStudioVersion = 10.0.40219.1
Project("{9A19103F-16F7-4668-BE54-9A1E7A4F7556}") = "FA", "FA.csproj", "{49D8BEF8-E12B-4C36-9246-DF183BA1D74C}"
EndProject
Global
	GlobalSection(SolutionConfigurationPlatforms) = preSolution
		Debug|Any CPU = Debug|Any CPU
		Release|Any CPU = Release|Any CPU
	EndGlobalSection
	GlobalSection(ProjectConfigurationPlatforms) = postSolution
		{49D8BEF8-E12B-4C36-9246-DF183BA1D74C}.Debug|Any CPU.ActiveCfg = Debug|Any CPU
		{49D8BEF8-E12B-4C36-9246-DF183BA1D74C}.Debug|Any CPU.Build.0 = Debug|Any CPU
		{49D8BEF8-E12B-4C36-9246-DF183BA1D74C}.Release|Any CPU.ActiveCfg = Release|Any CPU
		{49D8BEF8-E12B-4C36-9246-DF183BA1D74C}.Release|Any CPU.Build.0 = Release|Any CPU
	EndGlobalSection
	GlobalSection(SolutionProperties) = preSolution
		HideSolutionNode = FALSE
	EndGlobalSection
	GlobalSection(ExtensibilityGlobals) = postSolution
		SolutionGuid = {78FFBACE-41BE-4FDE-B368-0C19793BA07B}
	EndGlobalSection
EndGlobal
